
Microsoft Visual Studio Solution File, Format Version 12.00
# Visual Studio Version 16
VisualStudioVersion = 16.0.30804.86
MinimumVisualStudioVersion = 10.0.40219.1
Project("{FAE04EC0-301F-11D3-BF4B-00C04F79EFBC}") = "Hard", "Hard\Hard.csproj", "{947F0165-C4AC-41F4-AB7E-F456A8DF534D}"
EndProject
Global
	GlobalSection(SolutionConfigurationPlatforms) = preSolution
		Debug|Any CPU = Debug|Any CPU
		Release|Any CPU = Release|Any CPU
	EndGlobalSection
	GlobalSection(ProjectConfigurationPlatforms) = postSolution
		{947F0165-C4AC-41F4-AB7E-F456A8DF534D}.Debug|Any CPU.ActiveCfg = Debug|Any CPU
		{947F0165-C4AC-41F4-AB7E-F456A8DF534D}.Debug|Any CPU.Build.0 = Debug|Any CPU
		{947F0165-C4AC-41F4-AB7E-F456A8DF534D}.Release|Any CPU.ActiveCfg = Release|Any CPU
		{947F0165-C4AC-41F4-AB7E-F456A8DF534D}.Release|Any CPU.Build.0 = Release|Any CPU
	EndGlobalSection
	GlobalSection(SolutionProperties) = preSolution
		HideSolutionNode = FALSE
	EndGlobalSection
	GlobalSection(ExtensibilityGlobals) = postSolution
		SolutionGuid = {5256212B-6FA7-4DA6-B4CA-3E431829233D}
	EndGlobalSection
EndGlobal
